
# This file is generated by running "yarn install" inside your project.
# Manual changes might be lost - proceed with caution!

__metadata:
  version: 6
  cacheKey: 8

"@gar/promisify@npm:^1.1.3":
  version: 1.1.3
  resolution: "@gar/promisify@npm:1.1.3"
  checksum: 4059f790e2d07bf3c3ff3e0fec0daa8144fe35c1f6e0111c9921bd32106adaa97a4ab096ad7dab1e28ee6a9060083c4d1a4ada42a7f5f3f7a96b8812e2b757c1
  languageName: node
  linkType: hard

"@next/env@npm:13.2.4":
  version: 13.2.4
  resolution: "@next/env@npm:13.2.4"
  checksum: 4123e08a79e66d6144006972027a9ceb8f3fdd782c4a869df1eb3b91b59ad9f4a44082d3f8e421f4df5214c6bc7190b52b94881369452d65eb4580485f33b9e6
  languageName: node
  linkType: hard

"@next/swc-android-arm-eabi@npm:13.2.4":
  version: 13.2.4
  resolution: "@next/swc-android-arm-eabi@npm:13.2.4"
  conditions: os=android & cpu=arm
  languageName: node
  linkType: hard

"@next/swc-android-arm64@npm:13.2.4":
  version: 13.2.4
  resolution: "@next/swc-android-arm64@npm:13.2.4"
  conditions: os=android & cpu=arm64
  languageName: node
  linkType: hard

"@next/swc-darwin-arm64@npm:13.2.4":
  version: 13.2.4
  resolution: "@next/swc-darwin-arm64@npm:13.2.4"
  conditions: os=darwin & cpu=arm64
  languageName: node
  linkType: hard

"@next/swc-darwin-x64@npm:13.2.4":
  version: 13.2.4
  resolution: "@next/swc-darwin-x64@npm:13.2.4"
  conditions: os=darwin & cpu=x64
  languageName: node
  linkType: hard

"@next/swc-freebsd-x64@npm:13.2.4":
  version: 13.2.4
  resolution: "@next/swc-freebsd-x64@npm:13.2.4"
  conditions: os=freebsd & cpu=x64
  languageName: node
  linkType: hard

"@next/swc-linux-arm-gnueabihf@npm:13.2.4":
  version: 13.2.4
  resolution: "@next/swc-linux-arm-gnueabihf@npm:13.2.4"
  conditions: os=linux & cpu=arm
  languageName: node
  linkType: hard

"@next/swc-linux-arm64-gnu@npm:13.2.4":
  version: 13.2.4
  resolution: "@next/swc-linux-arm64-gnu@npm:13.2.4"
  conditions: os=linux & cpu=arm64 & libc=glibc
  languageName: node
  linkType: hard

"@next/swc-linux-arm64-musl@npm:13.2.4":
  version: 13.2.4
  resolution: "@next/swc-linux-arm64-musl@npm:13.2.4"
  conditions: os=linux & cpu=arm64 & libc=musl
  languageName: node
  linkType: hard

"@next/swc-linux-x64-gnu@npm:13.2.4":
  version: 13.2.4
  resolution: "@next/swc-linux-x64-gnu@npm:13.2.4"
  conditions: os=linux & cpu=x64 & libc=glibc
  languageName: node
  linkType: hard

"@next/swc-linux-x64-musl@npm:13.2.4":
  version: 13.2.4
  resolution: "@next/swc-linux-x64-musl@npm:13.2.4"
  conditions: os=linux & cpu=x64 & libc=musl
  languageName: node
  linkType: hard

"@next/swc-win32-arm64-msvc@npm:13.2.4":
  version: 13.2.4
  resolution: "@next/swc-win32-arm64-msvc@npm:13.2.4"
  conditions: os=win32 & cpu=arm64
  languageName: node
  linkType: hard

"@next/swc-win32-ia32-msvc@npm:13.2.4":
  version: 13.2.4
  resolution: "@next/swc-win32-ia32-msvc@npm:13.2.4"
  conditions: os=win32 & cpu=ia32
  languageName: node
  linkType: hard

"@next/swc-win32-x64-msvc@npm:13.2.4":
  version: 13.2.4
  resolution: "@next/swc-win32-x64-msvc@npm:13.2.4"
  conditions: os=win32 & cpu=x64
  languageName: node