
# This file is generated by running "yarn install" inside your project.
# Manual changes might be lost - proceed with caution!

__metadata:
  version: 6
  cacheKey: 8

"@gar/promisify@npm:^1.1.3":
  version: 1.1.3
  resolution: "@gar/promisify@npm:1.1.3"
  checksum: 4059f790e2d07bf3c3ff3e0fec0daa8144fe35c1f6e0111c9921bd32106adaa97a4ab096ad7dab1e28ee6a9060083c4d1a4ada42a7f5f3f7a96b8812e2b757c1
  languageName: node
  linkType: hard

"@next/env@npm:13.2.4":
  version: 13.2.4
  resolution: "@next/env@npm:13.2.4"
  checksum: 4123e08a79e66d6144006972027a9ceb8f3fdd782c4a869df1eb3b91b59ad9f4a44082d3f8e421f4df5214c6bc7190b52b94881369452d65eb4580485f33b9e6
  languageName: node
  linkType: hard

"@next/swc-android-arm-eabi@npm:13.2.4":
  version: 13.2.4
  resolution: "@next/swc-android-arm-eabi@npm:13.2.4"
  conditions: os=android & cpu=arm
  languageName: node
  linkType: hard

"@next/swc-android-arm64@npm:13.2.4":
  version: 13.2.4
  resolution: "@next/swc-android-arm64@npm:13.2.4"
  conditions: os=android & cpu=arm64
  languageName: node
  linkType: hard

"@next/swc-darwin-arm64@npm:13.2.4":
  version: 13.2.4
  resolution: "@next/swc-darwin-arm64@npm:13.2.4"
  conditions: os=darwin & cpu=arm64
  languageName: node
  linkType: hard

"@next/swc-darwin-x64@npm:13.2.4":
  version: 13.2.4
  resolution: "@next/swc-darwin-x64@npm:13.2.4"
  conditions: os=darwin & cpu=x64
  languageName: node
  linkType: hard

"@next/swc-freebsd-x64@npm:13.2.4":
  version: 13.2.4
  resolution: "@next/swc-freebsd-x64@npm:13.2.4"
  conditions: os=freebsd & cpu=x64
  languageName: node
  linkType: hard

"@next/swc-linux-arm-gnueabihf@npm:13.2.4":
  version: 13.2.4
  resolution: "@next/swc-linux-arm-gnueabihf@npm:13.2.4"
  conditions: os=linux & cpu=arm
  languageName: node
  linkType: hard

"@next/swc-linux-arm64-gnu@npm:13.2.4":
  version: 13.2.4
  resolution: "@next/swc-linux-arm64-gnu@npm:13.2.4"
  conditions: os=linux & cpu=arm64 & libc=glibc
  languageName: node
  linkType: hard

"@next/swc-linux-arm64-musl@npm:13.2.4":
  version: 13.2.4
  resolution: "@next/swc-linux-arm64-musl@npm:13.2.4"
  conditions: os=linux & cpu=arm64 & libc=musl
  languageName: node
  linkType: hard

"@next/swc-linux-x64-gnu@npm:13.2.4":
  version: 13.2.4
  resolution: "@next/swc-linux-x64-gnu@npm:13.2.4"
  conditions: os=linux & cpu=x64 & libc=glibc
  languageName: node
  linkType: hard

"@next/swc-linux-x64-musl@npm:13.2.4":
  version: 13.2.4
  resolution: "@next/swc-linux-x64-musl@npm:13.2.4"
  conditions: os=linux & cpu=x64 & libc=musl
  languageName: node
  linkType: hard

"@next/swc-win32-arm64-msvc@npm:13.2.4":
  version: 13.2.4
  resolution: "@next/swc-win32-arm64-msvc@npm:13.2.4"
  conditions: os=win32 & cpu=arm64
  languageName: node
  linkType: hard

"@next/swc-win32-ia32-msvc@npm:13.2.4":
  version: 13.2.4
  resolution: "@next/swc-win32-ia32-msvc@npm:13.2.4"
  conditions: os=win32 & cpu=ia32
  languageName: node
  linkType: hard

"@next/swc-win32-x64-msvc@npm:13.2.4":
  version: 13.2.4
  resolution: "@next/swc-win32-x64-msvc@npm:13.2.4"
  conditions: os=win32 & cpu=x64
  languageName: node
  linkType: hard

"@nodelib/fs.scandir@npm:2.1.5":
  version: 2.1.5
  resolution: "@nodelib/fs.scandir@npm:2.1.5"
  dependencies:
    "@nodelib/fs.stat": 2.0.5
    run-parallel: ^1.1.9
  checksum: a970d595bd23c66c880e0ef1817791432dbb7acbb8d44b7e7d0e7a22f4521260d4a83f7f9fd61d44fda4610105577f8f58a60718105fb38352baed612fd79e59
  languageName: node
  linkType: hard

"@nodelib/fs.stat@npm:2.0.5, @nodelib/fs.stat@npm:^2.0.2":
  version: 2.0.5
  resolution: "@nodelib/fs.stat@npm:2.0.5"
  checksum: 012480b5ca9d97bff9261571dbbec7bbc6033f69cc92908bc1ecfad0792361a5a1994bc48674b9ef76419d056a03efadfce5a6cf6dbc0a36559571a7a483f6f0
  languageName: node
  linkType: hard

"@nodelib/fs.walk@npm:^1.2.3":
  version: 1.2.8
  resolution: "@nodelib/fs.walk@npm:1.2.8"
  dependencies:
    "@nodelib/fs.scandir": 2.1.5
    fastq: ^1.6.0
  checksum: 190c643f156d8f8f277bf2a6078af1ffde1fd43f498f187c2db24d35b4b4b5785c02c7dc52e356497b9a1b65b13edc996de08de0b961c32844364da02986dc53
  languageName: node
  linkType: hard

"@npmcli/fs@npm:^2.1.0":
  version: 2.1.2
  resolution: "@npmcli/fs@npm:2.1.2"
  dependencies:
    "@gar/promisify": ^1.1.3
    semver: ^7.3.5
  checksum: 405074965e72d4c9d728931b64d2d38e6ea12066d4fad651ac253d175e413c06fe4350970c783db0d749181da8fe49c42d3880bd1cbc12cd68e3a7964d820225
  languageName: node
  linkType: hard

"@npmcli/move-file@npm:^2.0.0":
  version: 2.0.1
  resolution: "@npmcli/move-file@npm:2.0.1"
  dependencies:
    mkdirp: ^1.0.4
    rimraf: ^3.0.2
  checksum: 52dc02259d98da517fae4cb3a0a3850227bdae4939dda1980b788a7670636ca2b4a01b58df03dd5f65c1e3cb70c50fa8ce5762b582b3f499ec30ee5ce1fd9380
  languageName: node
  linkType: hard

"@swc/helpers@npm:0.4.14":
  version: 0.4.14
  resolution: "@swc/helpers@npm:0.4.14"
  dependencies:
    tslib: ^2.4.0
  checksum: 273fd3f3fc461a92f3790cc551ea054745c6d6959afbe1232e6d7aa1c722bbc114d308aab96bef5c78fc0303c85c7b472ef00e2253251cc89737f3b1af56e5a5
  languageName: node
  linkType: hard

"@tootallnate/once@npm:2":
  version: 2.0.0
  resolution: "@tootallnate/once@npm:2.0.0"
  checksum: ad87447820dd3f24825d2d947ebc03072b20a42bfc96cbafec16bff8bbda6c1a81fcb0be56d5b21968560c5359a0af4038a68ba150c3e1694fe4c109a063bed8
  languageName: node
  linkType: hard

"@types/node@npm:18.11.3":
  version: 18.11.3
  resolution: "@types/node@npm:18.11.3"
  checksum: 3a2a9142d891a90a195c296149bf64a69cc0abcc42f543be911ab22b2e0ead85ff077f90af92f0f13f6e3e5e72501469200fd753dfd1101825d4646a89d3ee47
  languageName: node
  linkType: hard

"@types/prop-types@npm:*":
  version: 15.7.5
  resolution: "@types/prop-types@npm:15.7.5"
  checksum: 5b43b8b15415e1f298243165f1d44390403bb2bd42e662bca3b5b5633fdd39c938e91b7fce3a9483699db0f7a715d08cef220c121f723a634972fdf596aec980
  languageName: node
  linkType: hard

"@types/react-dom@npm:18.0.6":
  version: 18.0.6
  resolution: "@types/react-dom@npm:18.0.6"
  dependencies:
    "@types/react": "*"
  checksum: db571047af1a567631758700b9f7d143e566df939cfe5fbf7535347cc0c726a1cdbb5e3f8566d076e54cf708b6c1166689de194a9ba09ee35efc9e1d45911685
  languageName: node
  linkType: hard

"@types/react@npm:*":
  version: 18.0.28
  resolution: "@types/react@npm:18.0.28"
  dependencies:
    "@types/prop-types": "*"
    "@types/scheduler": "*"
    csstype: ^3.0.2
  checksum: e752df961105e5127652460504785897ca6e77259e0da8f233f694f9e8f451cde7fa0709d4456ade0ff600c8ce909cfe29f9b08b9c247fa9b734e126ec53edd7
  languageName: node
  linkType: hard

"@types/react@npm:18.0.21":
  version: 18.0.21
  resolution: "@types/react@npm:18.0.21"
  dependencies:
    "@types/prop-types": "*"
    "@types/scheduler": "*"
    csstype: ^3.0.2
  checksum: 36c1a7c9d507e81e2e629c1ad3db51d7b84d8b010c2d5008da411874286c6a5ccc711ae1d4c470efc0bdc77153cc8804a40e927e929e5164c669ca41b84b846d
  languageName: node
  linkType: hard

"@types/scheduler@npm:*":
  version: 0.16.2
  resolution: "@types/scheduler@npm:0.16.2"
  checksum: b6b4dcfeae6deba2e06a70941860fb1435730576d3689225a421280b7742318d1548b3d22c1f66ab68e414f346a9542f29240bc955b6332c5b11e561077583bc
  languageName: node
  linkType: hard

"abbrev@npm:^1.0.0":
  version: 1.1.1
  resolution: "abbrev@npm:1.1.1"
  checksum: a4a97ec07d7ea112c517036882b2ac22f3109b7b19077dc656316d07d308438aac28e4d9746dc4d84bf6b1e75b4a7b0a5f3cb30592419f128ca9a8cee3bcfa17
  languageName: node
  linkType: hard

"acorn-node@npm:^1.8.2":
  version: 1.8.2
  resolution: "acorn-node@npm:1.8.2"
  dependencies:
    acorn: ^7.0.0
    acorn-walk: ^7.0.0
    xtend: ^4.0.2
  checksum: 02e1564a1ccf8bd1fcefcd01235398af4a9effaf032c5397994ddd275590a72894cb3e26e4b82579ccdda1e48ade7486aef61e771ddae3563ca452b927f443d8
  languageName: node
  linkType: hard

"acorn-walk@npm:^7.0.0":
  version: 7.2.0
  resolution: "acorn-walk@npm:7.2.0"
  checksum: 9252158a79b9d92f1bc0dd6acc0fcfb87a67339e84bcc301bb33d6078936d27e35d606b4d35626d2962cd43c256d6f27717e70cbe15c04fff999ab0b2260b21f
  languageName: node
  linkType: hard

"acorn@npm:^7.0.0":
  version: 7.4.1
  resolution: "acorn@npm:7.4.1"
  bin:
    acorn: bin/acorn
  checksum: 1860f23c2107c910c6177b7b7be71be350db9e1080d814493fae143ae37605189504152d1ba8743ba3178d0b37269ce1ffc42b101547fdc1827078f82671e407
  languageName: node
  linkType: hard

"agent-base@npm:6, agent-base@npm:^6.0.2":
  version: 6.0.2
  resolution: "agent-base@npm:6.0.2"
  dependencies:
    debug: 4
  checksum: f52b6872cc96fd5f622071b71ef200e01c7c4c454ee68bc9accca90c98cfb39f2810e3e9aa330435835eedc8c23f4f8a15267f67c6e245d2b33757575bdac49d
  languageName: node
  linkType: hard

"agentkeepalive@npm:^4.2.1":
  version: 4.3.0
  resolution: "agentkeepalive@npm:4.3.0"
  dependencies:
    debug: ^4.1.0
    depd: ^2.0.0
    humanize-ms: ^1.2.1
  checksum: 982453aa44c11a06826c836025e5162c846e1200adb56f2d075400da7d32d87021b3b0a58768d949d824811f5654223d5a8a3dad120921a2439625eb847c6260
  languageName: node
  linkType: hard

"aggregate-error@npm:^3.0.0":
  version: 3.1.0
  resolution: "aggregate-error@npm:3.1.0"
  dependencies:
    clean-stack: ^2.0.0
    indent-string: ^4.0.0
  checksum: 1101a33f21baa27a2fa8e04b698271e64616b886795fd43c31068c07533c7b3facfcaf4e9e0cab3624bd88f729a592f1c901a1a229c9e490eafce411a8644b79
  languageName: node